
Microsoft Visual Studio Solution File, Format Version 11.00
# Visual Studio 2010
Project("{FAE04EC0-301F-11D3-BF4B-00C04F79EFBC}") = "BookAdmin", "BookAdmin\BookAdmin.csproj", "{CE8EFD49-E679-4C87-A9CB-1A583DFD72B5}"
EndProject
Global
	GlobalSection(SolutionConfigurationPlatforms) = preSolution
		Debug|Any CPU = Debug|Any CPU
		Release|Any CPU = Release|Any CPU
	EndGlobalSection
	GlobalSection(ProjectConfigurationPlatforms) = postSolution
		{CE8EFD49-E679-4C87-A9CB-1A583DFD72B5}.Debug|Any CPU.ActiveCfg = Debug|Any CPU
		{CE8EFD49-E679-4C87-A9CB-1A583DFD72B5}.Debug|Any CPU.Build.0 = Debug|Any CPU
		{CE8EFD49-E679-4C87-A9CB-1A583DFD72B5}.Release|Any CPU.ActiveCfg = Release|Any CPU
		{CE8EFD49-E679-4C87-A9CB-1A583DFD72B5}.Release|Any CPU.Build.0 = Release|Any CPU
	EndGlobalSection
	GlobalSection(SolutionProperties) = preSolution
		HideSolutionNode = FALSE
	EndGlobalSection
EndGlobal
